<?xml version="1.0" encoding="UTF-8"?>
<CONFIG>
  <ProjectOptions>
    <Version Value="11"/>
    <General>
      <Flags>
        <LRSInOutputDirectory Value="False"/>
      </Flags>
      <MainUnit Value="0"/>
      <Icon Value="0"/>
    </General>
    <BuildModes Count="2" Active="Release">
      <Item1 Name="Debug" Default="True"/>
      <Item2 Name="Release">
        <CompilerOptions>
          <Version Value="11"/>
          <Target>
            <Filename Value="$(TargetCPU)-$(TargetOS)/cloud2_work"/>
          </Target>
          <SearchPaths>
            <IncludeFiles Value="core;gui;../units;../gtk2/glib;../gtk2/atk;../gtk2/gtk+/gtk;../gtk2/gtk+/gdk;../gtk2/gtk+/gdk-pixbuf;../gtk2/pango;../gtk2/pangocairo;../gtk2/cairo;$(FPCSrcDir)/packages/fcl-process/src;$(FPCSrcDir)/packages/hash/src;$(FPCSrcDir)/packages/paszlib/src;$(FPCSrcDir)/packages"/>
            <Libraries Value="/usr/lib/$(TargetCPU)-$(TargetOS)/;/usr/lib/"/>
            <OtherUnitFiles Value="gui;core;../units;../gtk2/glib;../gtk2/atk;../gtk2/gtk+/gtk;../gtk2/gtk+/gdk;../gtk2/gtk+/gdk-pixbuf;../gtk2/pango;../gtk2/pangocairo;../gtk2/cairo;../curl;$(FPCSrcDir)/rtl;$(FPCSrcDir)/packages/fcl-process/src;$(FPCSrcDir)/packages/hash/src;$(FPCSrcDir)/packages/paszlib/src;/lib64/fpc/3.0.2/units/$(TargetCPU)-$(TargetOS)/rtl/"/>
            <UnitOutputDirectory Value="../units/$(TargetCPU)-$(TargetOS)"/>
          </SearchPaths>
          <Parsing>
            <SyntaxOptions>
              <CStyleOperator Value="False"/>
              <AllowLabel Value="False"/>
              <CPPInline Value="False"/>
            </SyntaxOptions>
          </Parsing>
          <CodeGeneration>
            <SmartLinkUnit Value="True"/>
            <TargetCPU Value="x86_64"/>
            <TargetOS Value="linux"/>
            <Optimizations>
              <OptimizationLevel Value="4"/>
              <VariablesInRegisters Value="True"/>
            </Optimizations>
          </CodeGeneration>
          <Linking>
            <Debugging>
              <GenerateDebugInfo Value="False"/>
              <UseValgrind Value="True"/>
              <StripSymbols Value="True"/>
            </Debugging>
            <LinkSmart Value="True"/>
            <Options>
              <LinkerOptions Value="--static"/>
              <Win32>
                <GraphicApplication Value="True"/>
              </Win32>
            </Options>
          </Linking>
          <Other>
            <Verbosity>
              <ShowHints Value="False"/>
              <ShowHintsForUnusedUnitsInMainSrc Value="True"/>
            </Verbosity>
            <CustomOptions Value="-Xd"/>
          </Other>
        </CompilerOptions>
      </Item2>
      <SharedMatrixOptions Count="1">
        <Item1 ID="460483146030" Modes="Release" Value="-dEnableUTF8RTL"/>
      </SharedMatrixOptions>
    </BuildModes>
    <PublishOptions>
      <Version Value="2"/>
    </PublishOptions>
    <RunParams>
      <FormatVersion Value="2"/>
      <Modes Count="1">
        <Mode0 Name="default"/>
      </Modes>
    </RunParams>
    <Units Count="65">
      <Unit0>
        <Filename Value="cloud.pas"/>
        <IsPartOfProject Value="True"/>
        <WindowIndex Value="1"/>
        <TopLine Value="3000"/>
        <CursorPos X="9" Y="3023"/>
        <UsageCount Value="201"/>
        <Loaded Value="True"/>
      </Unit0>
      <Unit1>
        <Filename Value="../units/liball.pp"/>
        <EditorIndex Value="-1"/>
        <WindowIndex Value="1"/>
        <TopLine Value="736"/>
        <CursorPos X="10" Y="754"/>
        <UsageCount Value="80"/>
      </Unit1>
      <Unit2>
        <Filename Value="edit.inc"/>
        <IsPartOfProject Value="True"/>
        <EditorIndex Value="-1"/>
        <WindowIndex Value="1"/>
        <TopLine Value="3442"/>
        <CursorPos X="87" Y="3442"/>
        <UsageCount Value="201"/>
      </Unit2>
      <Unit3>
        <Filename Value="calculate.inc"/>
        <IsPartOfProject Value="True"/>
        <EditorIndex Value="-1"/>
        <WindowIndex Value="1"/>
        <TopLine Value="3415"/>
        <CursorPos X="10" Y="3421"/>
        <UsageCount Value="201"/>
      </Unit3>
      <Unit4>
        <Filename Value="transform.inc"/>
        <IsPartOfProject Value="True"/>
        <EditorIndex Value="-1"/>
        <WindowIndex Value="1"/>
        <TopLine Value="3332"/>
        <CursorPos X="11" Y="3468"/>
        <UsageCount Value="201"/>
      </Unit4>
      <Unit5>
        <Filename Value="data_file.inc"/>
        <EditorIndex Value="-1"/>
        <WindowIndex Value="1"/>
        <TopLine Value="5736"/>
        <CursorPos X="41" Y="5736"/>
        <UsageCount Value="93"/>
      </Unit5>
      <Unit6>
        <Filename Value="show_geometry.inc"/>
        <EditorIndex Value="-1"/>
        <WindowIndex Value="1"/>
        <TopLine Value="937"/>
        <CursorPos X="35" Y="982"/>
        <UsageCount Value="75"/>
      </Unit6>
      <Unit7>
        <Filename Value="show_povray.inc"/>
        <EditorIndex Value="-1"/>
        <WindowIndex Value="1"/>
        <TopLine Value="2774"/>
        <CursorPos X="29" Y="2792"/>
        <UsageCount Value="189"/>
      </Unit7>
      <Unit8>
        <Filename Value="../units/libcloud.pas"/>
        <IsPartOfProject Value="True"/>
        <EditorIndex Value="-1"/>
        <WindowIndex Value="1"/>
        <TopLine Value="1038"/>
        <CursorPos X="47" Y="1041"/>
        <UsageCount Value="201"/>
        <Bookmarks Count="1">
          <Item0 X="20" Y="2842"/>
        </Bookmarks>
      </Unit8>
      <Unit9>
        <Filename Value="calculate_raster.inc"/>
        <IsPartOfProject Value="True"/>
        <EditorIndex Value="-1"/>
        <WindowIndex Value="1"/>
        <TopLine Value="1081"/>
        <CursorPos X="37" Y="1100"/>
        <UsageCount Value="202"/>
      </Unit9>
      <Unit10>
        <Filename Value="mesh.inc"/>
        <IsPartOfProject Value="True"/>
        <IsVisibleTab Value="True"/>
        <EditorIndex Value="10"/>
        <WindowIndex Value="1"/>
        <TopLine Value="278"/>
        <CursorPos X="75" Y="285"/>
        <UsageCount Value="200"/>
        <Loaded Value="True"/>
      </Unit10>
      <Unit11>
        <Filename Value="script.inc"/>
        <IsPartOfProject Value="True"/>
        <EditorIndex Value="1"/>
        <WindowIndex Value="1"/>
        <TopLine Value="613"/>
        <CursorPos X="86" Y="613"/>
        <UsageCount Value="200"/>
        <Loaded Value="True"/>
      </Unit11>
      <Unit12>
        <Filename Value="draw5.inc"/>
        <IsPartOfProject Value="True"/>
        <EditorIndex Value="2"/>
        <WindowIndex Value="1"/>
        <TopLine Value="443"/>
        <CursorPos X="83" Y="460"/>
        <UsageCount Value="200"/>
        <Loaded Value="True"/>
      </Unit12>
      <Unit13>
        <Filename Value="bool.inc"/>
        <IsPartOfProject Value="True"/>
        <EditorIndex Value="-1"/>
        <WindowIndex Value="1"/>
        <TopLine Value="771"/>
        <CursorPos X="90" Y="792"/>
        <UsageCount Value="200"/>
      </Unit13>
      <Unit14>
        <Filename Value="../units/rgbaio.inc"/>
        <IsPartOfProject Value="True"/>
        <EditorIndex Value="-1"/>
        <WindowIndex Value="1"/>
        <TopLine Value="334"/>
        <CursorPos X="38" Y="363"/>
        <UsageCount Value="201"/>
      </Unit14>
      <Unit15>
        <Filename Value="../units/libgtk2.pp"/>
        <EditorIndex Value="-1"/>
        <WindowIndex Value="1"/>
        <TopLine Value="1865"/>
        <CursorPos X="6" Y="1882"/>
        <UsageCount Value="79"/>
      </Unit15>
      <Unit16>
        <Filename Value="../units/rgba.inc"/>
        <IsPartOfProject Value="True"/>
        <EditorIndex Value="-1"/>
        <WindowIndex Value="1"/>
        <TopLine Value="101"/>
        <CursorPos X="6" Y="107"/>
        <UsageCount Value="200"/>
      </Unit16>
      <Unit17>
        <Filename Value="../units/graph.inc"/>
        <IsPartOfProject Value="True"/>
        <EditorIndex Value="-1"/>
        <WindowIndex Value="1"/>
        <TopLine Value="211"/>
        <CursorPos X="9" Y="241"/>
        <UsageCount Value="200"/>
      </Unit17>
      <Unit18>
        <Filename Value="../units/histogram.inc"/>
        <IsPartOfProject Value="True"/>
        <EditorIndex Value="-1"/>
        <WindowIndex Value="1"/>
        <TopLine Value="67"/>
        <UsageCount Value="202"/>
      </Unit18>
      <Unit19>
        <Filename Value="gui/gui-transform.inc"/>
        <IsPartOfProject Value="True"/>
        <EditorIndex Value="7"/>
        <WindowIndex Value="1"/>
        <TopLine Value="251"/>
        <CursorPos X="174" Y="279"/>
        <UsageCount Value="216"/>
        <Loaded Value="True"/>
      </Unit19>
      <Unit20>
        <Filename Value="gui/gui-mesh.inc"/>
        <IsPartOfProject Value="True"/>
        <EditorIndex Value="9"/>
        <WindowIndex Value="1"/>
        <TopLine Value="103"/>
        <CursorPos X="102" Y="122"/>
        <UsageCount Value="200"/>
        <Loaded Value="True"/>
      </Unit20>
      <Unit21>
        <Filename Value="gui/gui-show.inc"/>
        <IsPartOfProject Value="True"/>
        <EditorIndex Value="11"/>
        <WindowIndex Value="1"/>
        <TopLine Value="52"/>
        <CursorPos X="91" Y="71"/>
        <UsageCount Value="200"/>
        <Loaded Value="True"/>
      </Unit21>
      <Unit22>
        <Filename Value="gui/gui-bool.inc"/>
        <IsPartOfProject Value="True"/>
        <EditorIndex Value="5"/>
        <WindowIndex Value="1"/>
        <TopLine Value="413"/>
        <CursorPos X="22" Y="452"/>
        <UsageCount Value="200"/>
        <Loaded Value="True"/>
      </Unit22>
      <Unit23>
        <Filename Value="gui/gui-data.inc"/>
        <IsPartOfProject Value="True"/>
        <EditorIndex Value="3"/>
        <WindowIndex Value="1"/>
        <TopLine Value="196"/>
        <CursorPos X="64" Y="209"/>
        <UsageCount Value="201"/>
        <Loaded Value="True"/>
      </Unit23>
      <Unit24>
        <Filename Value="gui/gui-edit.inc"/>
        <IsPartOfProject Value="True"/>
        <EditorIndex Value="4"/>
        <WindowIndex Value="1"/>
        <TopLine Value="351"/>
        <CursorPos X="129" Y="369"/>
        <UsageCount Value="209"/>
        <Loaded Value="True"/>
      </Unit24>
      <Unit25>
        <Filename Value="gui/gui-new.inc"/>
        <IsPartOfProject Value="True"/>
        <EditorIndex Value="-1"/>
        <WindowIndex Value="1"/>
        <TopLine Value="73"/>
        <CursorPos X="87" Y="96"/>
        <UsageCount Value="201"/>
      </Unit25>
      <Unit26>
        <Filename Value="../units/libpoly.pp"/>
        <EditorIndex Value="-1"/>
        <WindowIndex Value="1"/>
        <TopLine Value="309"/>
        <CursorPos X="18" Y="328"/>
        <UsageCount Value="110"/>
      </Unit26>
      <Unit27>
        <Filename Value="gui/gui-bool-toolbox.inc"/>
        <IsPartOfProject Value="True"/>
        <EditorIndex Value="6"/>
        <WindowIndex Value="1"/>
        <CursorPos X="52" Y="6"/>
        <UsageCount Value="203"/>
        <Loaded Value="True"/>
      </Unit27>
      <Unit28>
        <Filename Value="gui/gui-source.inc"/>
        <IsPartOfProject Value="True"/>
        <EditorIndex Value="-1"/>
        <WindowIndex Value="1"/>
        <CursorPos X="59" Y="15"/>
        <UsageCount Value="200"/>
      </Unit28>
      <Unit29>
        <Filename Value="gui/gui-destination.inc"/>
        <IsPartOfProject Value="True"/>
        <EditorIndex Value="-1"/>
        <WindowIndex Value="1"/>
        <UsageCount Value="200"/>
      </Unit29>
      <Unit30>
        <Filename Value="gui/gui-calc.inc"/>
        <IsPartOfProject Value="True"/>
        <EditorIndex Value="8"/>
        <WindowIndex Value="1"/>
        <TopLine Value="369"/>
        <CursorPos X="22" Y="395"/>
        <UsageCount Value="201"/>
        <Loaded Value="True"/>
      </Unit30>
      <Unit31>
        <Filename Value="gui/gui-script.inc"/>
        <IsPartOfProject Value="True"/>
        <EditorIndex Value="13"/>
        <WindowIndex Value="1"/>
        <TopLine Value="58"/>
        <CursorPos X="130" Y="150"/>
        <UsageCount Value="201"/>
        <Loaded Value="True"/>
      </Unit31>
      <Unit32>
        <Filename Value="gui/gui-state.inc"/>
        <IsPartOfProject Value="True"/>
        <EditorIndex Value="14"/>
        <WindowIndex Value="1"/>
        <TopLine Value="163"/>
        <CursorPos X="50" Y="198"/>
        <UsageCount Value="201"/>
        <Loaded Value="True"/>
      </Unit32>
      <Unit33>
        <Filename Value="../units/libqueue.pp"/>
        <IsPartOfProject Value="True"/>
        <EditorIndex Value="-1"/>
        <WindowIndex Value="1"/>
        <TopLine Value="689"/>
        <UsageCount Value="307"/>
      </Unit33>
      <Unit34>
        <Filename Value="../units/libmacro.pp"/>
        <EditorIndex Value="-1"/>
        <WindowIndex Value="1"/>
        <TopLine Value="66"/>
        <CursorPos X="24" Y="88"/>
        <UsageCount Value="86"/>
      </Unit34>
      <Unit35>
        <Filename Value="new_3d.inc"/>
        <EditorIndex Value="-1"/>
        <WindowIndex Value="1"/>
        <UsageCount Value="30"/>
      </Unit35>
      <Unit36>
        <Filename Value="../units/hyper.inc"/>
        <EditorIndex Value="-1"/>
        <WindowIndex Value="1"/>
        <TopLine Value="392"/>
        <CursorPos X="38" Y="404"/>
        <UsageCount Value="125"/>
      </Unit36>
      <Unit37>
        <Filename Value="../units/polyhyper.inc"/>
        <EditorIndex Value="-1"/>
        <WindowIndex Value="1"/>
        <TopLine Value="674"/>
        <CursorPos X="6" Y="674"/>
        <UsageCount Value="85"/>
      </Unit37>
      <Unit38>
        <Filename Value="../units/matrix3.inc"/>
        <EditorIndex Value="-1"/>
        <WindowIndex Value="1"/>
        <TopLine Value="494"/>
        <CursorPos X="6" Y="504"/>
        <UsageCount Value="60"/>
      </Unit38>
      <Unit39>
        <Filename Value="new_1d.inc"/>
        <EditorIndex Value="-1"/>
        <WindowIndex Value="1"/>
        <TopLine Value="197"/>
        <CursorPos X="66" Y="215"/>
        <UsageCount Value="78"/>
      </Unit39>
      <Unit40>
        <Filename Value="../units/libgene.pas"/>
        <EditorIndex Value="-1"/>
        <WindowIndex Value="1"/>
        <TopLine Value="31"/>
        <CursorPos X="31" Y="136"/>
        <UsageCount Value="4"/>
      </Unit40>
      <Unit41>
        <Filename Value="../units/libpo.pp"/>
        <IsPartOfProject Value="True"/>
        <EditorIndex Value="-1"/>
        <WindowIndex Value="1"/>
        <TopLine Value="46"/>
        <CursorPos X="28" Y="68"/>
        <UsageCount Value="203"/>
      </Unit41>
      <Unit42>
        <Filename Value="screen.inc"/>
        <IsPartOfProject Value="True"/>
        <EditorIndex Value="-1"/>
        <WindowIndex Value="1"/>
        <TopLine Value="824"/>
        <CursorPos Y="824"/>
        <UsageCount Value="212"/>
      </Unit42>
      <Unit43>
        <Filename Value="../units/libcanvas.pp"/>
        <EditorIndex Value="-1"/>
        <WindowIndex Value="1"/>
        <CursorPos X="14" Y="17"/>
        <UsageCount Value="20"/>
      </Unit43>
      <Unit44>
        <Filename Value="gui/gui-loco.inc"/>
        <IsPartOfProject Value="True"/>
        <EditorIndex Value="12"/>
        <WindowIndex Value="1"/>
        <CursorPos X="183" Y="15"/>
        <UsageCount Value="223"/>
        <Loaded Value="True"/>
      </Unit44>
      <Unit45>
        <Filename Value="loco.inc"/>
        <IsPartOfProject Value="True"/>
        <EditorIndex Value="-1"/>
        <WindowIndex Value="1"/>
        <TopLine Value="145"/>
        <CursorPos X="11" Y="5"/>
        <UsageCount Value="222"/>
      </Unit45>
      <Unit46>
        <Filename Value="../units/io.inc"/>
        <EditorIndex Value="-1"/>
        <WindowIndex Value="1"/>
        <TopLine Value="4"/>
        <CursorPos X="58" Y="31"/>
        <UsageCount Value="12"/>
      </Unit46>
      <Unit47>
        <Filename Value="../units/libfile.pp"/>
        <EditorIndex Value="-1"/>
        <WindowIndex Value="1"/>
        <TopLine Value="119"/>
        <CursorPos Y="137"/>
        <UsageCount Value="14"/>
      </Unit47>
      <Unit48>
        <Filename Value="../units/libfunction.pp"/>
        <EditorIndex Value="-1"/>
        <WindowIndex Value="1"/>
        <TopLine Value="2339"/>
        <CursorPos X="14" Y="2362"/>
        <UsageCount Value="13"/>
      </Unit48>
      <Unit49>
        <Filename Value="../units/libmacro_gui.pas"/>
        <EditorIndex Value="-1"/>
        <WindowIndex Value="1"/>
        <CursorPos X="18" Y="11"/>
        <UsageCount Value="25"/>
      </Unit49>
      <Unit50>
        <Filename Value="../units/math.inc"/>
        <EditorIndex Value="-1"/>
        <WindowIndex Value="1"/>
        <TopLine Value="4"/>
        <CursorPos X="35" Y="25"/>
        <UsageCount Value="11"/>
      </Unit50>
      <Unit51>
        <Filename Value="../units/geovector.inc"/>
        <EditorIndex Value="-1"/>
        <WindowIndex Value="1"/>
        <TopLine Value="136"/>
        <CursorPos X="6" Y="138"/>
        <UsageCount Value="8"/>
      </Unit51>
      <Unit52>
        <Filename Value="../units/vector.inc"/>
        <EditorIndex Value="-1"/>
        <WindowIndex Value="1"/>
        <TopLine Value="391"/>
        <CursorPos X="39" Y="407"/>
        <UsageCount Value="8"/>
      </Unit52>
      <Unit53>
        <Filename Value="../units/complex.inc"/>
        <EditorIndex Value="-1"/>
        <WindowIndex Value="1"/>
        <TopLine Value="241"/>
        <CursorPos X="40" Y="261"/>
        <UsageCount Value="8"/>
      </Unit53>
      <Unit54>
        <Filename Value="../units/matrix4.inc"/>
        <EditorIndex Value="-1"/>
        <WindowIndex Value="1"/>
        <TopLine Value="229"/>
        <CursorPos X="63" Y="427"/>
        <UsageCount Value="8"/>
      </Unit54>
      <Unit55>
        <Filename Value="/usr/share/fpcsrc/3.0.4/rtl/inc/systemh.inc"/>
        <EditorIndex Value="-1"/>
        <WindowIndex Value="1"/>
        <TopLine Value="749"/>
        <CursorPos X="11" Y="756"/>
        <UsageCount Value="8"/>
      </Unit55>
      <Unit56>
        <Filename Value="../units/zrgb.inc"/>
        <EditorIndex Value="-1"/>
        <WindowIndex Value="1"/>
        <TopLine Value="55"/>
        <CursorPos X="13" Y="57"/>
        <UsageCount Value="11"/>
      </Unit56>
      <Unit57>
        <Filename Value="../units/rawcanvas.inc"/>
        <EditorIndex Value="-1"/>
        <WindowIndex Value="1"/>
        <TopLine Value="1586"/>
        <CursorPos X="62" Y="1591"/>
        <UsageCount Value="11"/>
      </Unit57>
      <Unit58>
        <Filename Value="../units/fullcanvas.inc"/>
        <EditorIndex Value="-1"/>
        <WindowIndex Value="1"/>
        <TopLine Value="997"/>
        <CursorPos X="23" Y="1019"/>
        <UsageCount Value="10"/>
      </Unit58>
      <Unit59>
        <Filename Value="../units/run_core.inc"/>
        <IsPartOfProject Value="True"/>
        <EditorIndex Value="-1"/>
        <WindowIndex Value="1"/>
        <TopLine Value="250"/>
        <CursorPos Y="178"/>
        <UsageCount Value="43"/>
      </Unit59>
      <Unit60>
        <Filename Value="../units/core.inc"/>
        <EditorIndex Value="-1"/>
        <WindowIndex Value="1"/>
        <TopLine Value="233"/>
        <CursorPos X="5" Y="268"/>
        <UsageCount Value="9"/>
      </Unit60>
      <Unit61>
        <Filename Value="../units/t0-16.inc"/>
        <EditorIndex Value="-1"/>
        <WindowIndex Value="1"/>
        <UsageCount Value="10"/>
      </Unit61>
      <Unit62>
        <Filename Value="../units/libvector.pas"/>
        <EditorIndex Value="-1"/>
        <WindowIndex Value="1"/>
        <TopLine Value="116"/>
        <CursorPos X="17" Y="133"/>
        <UsageCount Value="12"/>
      </Unit62>
      <Unit63>
        <Filename Value="../units/2dvector.inc"/>
        <EditorIndex Value="-1"/>
        <WindowIndex Value="1"/>
        <TopLine Value="618"/>
        <CursorPos X="45" Y="615"/>
        <UsageCount Value="12"/>
      </Unit63>
      <Unit64>
        <Filename Value="../units/2dvectorio.inc"/>
        <EditorIndex Value="-1"/>
        <WindowIndex Value="1"/>
        <TopLine Value="326"/>
        <CursorPos X="47" Y="357"/>
        <UsageCount Value="12"/>
      </Unit64>
    </Units>
    <JumpHistory Count="7" HistoryIndex="6">
      <Position1>
        <Filename Value="gui/gui-data.inc"/>
        <Caret Line="209" Column="64" TopLine="196"/>
      </Position1>
      <Position2>
        <Filename Value="cloud.pas"/>
        <Caret Line="3556" Column="43" TopLine="3541"/>
      </Position2>
      <Position3>
        <Filename Value="cloud.pas"/>
        <Caret Line="16" Column="62"/>
      </Position3>
      <Position4>
        <Filename Value="cloud.pas"/>
        <Caret Line="19" Column="20"/>
      </Position4>
      <Position5>
        <Filename Value="cloud.pas"/>
        <Caret Line="19" Column="32"/>
      </Position5>
      <Position6>
        <Filename Value="cloud.pas"/>
        <Caret Line="3209" Column="34" TopLine="3190"/>
      </Position6>
      <Position7>
        <Filename Value="gui/gui-mesh.inc"/>
        <Caret Line="122" Column="102" TopLine="103"/>
      </Position7>
    </JumpHistory>
  </ProjectOptions>
  <CompilerOptions>
    <Version Value="11"/>
    <Target>
      <Filename Value="$(TargetCPU)-$(TargetOS)/cloud2_debug"/>
    </Target>
    <SearchPaths>
      <IncludeFiles Value="core;../units;../gtk2/glib;../gtk2/atk;../gtk2/gtk+/gtk;../gtk2/gtk+/gdk;../gtk2/gtk+/gdk-pixbuf;../gtk2/pango;../gtk2/pangocairo;../gtk2/cairo;$(FPCSrcDir)/packages/fcl-process/src;$(FPCSrcDir)/packages/hash/src;$(FPCSrcDir)/packages/paszlib/src;$(FPCSrcDir)/packages;gui"/>
      <Libraries Value="/usr/local/lib/fpc/3.0.2/libs/$(TargetCPU)-$(TargetOS)/;$(CTDir)/binLibraries/$(TargetCPU)-$(TargetOS)"/>
      <OtherUnitFiles Value="gui;core;../units;../gtk2/glib;../gtk2/atk;../gtk2/gtk+/gtk;../gtk2/gtk+/gdk;../gtk2/gtk+/gdk-pixbuf;../gtk2/pango;../gtk2/pangocairo;../gtk2/cairo;../curl;$(FPCSrcDir)/rtl;$(FPCSrcDir)/packages/fcl-process/src;$(FPCSrcDir)/packages/hash/src;$(FPCSrcDir)/packages/paszlib/src;/lib64/fpc/2.6.4/units/$(TargetCPU)-$(TargetOS)/rtl/;C:/codetyphon/fpc/newfpc/units/i386-freebsd"/>
      <UnitOutputDirectory Value="../units/$(TargetCPU)-$(TargetOS)"/>
    </SearchPaths>
    <Parsing>
      <SyntaxOptions>
        <CStyleOperator Value="False"/>
        <IncludeAssertionCode Value="True"/>
        <AllowLabel Value="False"/>
        <CPPInline Value="False"/>
        <InitConstructor Value="True"/>
      </SyntaxOptions>
    </Parsing>
    <CodeGeneration>
      <SmartLinkUnit Value="True"/>
      <Checks>
        <IOChecks Value="True"/>
        <RangeChecks Value="True"/>
        <OverflowChecks Value="True"/>
        <StackChecks Value="True"/>
      </Checks>
      <VerifyObjMethodCallValidity Value="True"/>
      <TargetCPU Value="x86_64"/>
      <TargetOS Value="linux"/>
      <Optimizations>
        <VariablesInRegisters Value="True"/>
      </Optimizations>
    </CodeGeneration>
    <Linking>
      <Debugging>
        <UseHeaptrc Value="True"/>
        <TrashVariables Value="True"/>
        <UseValgrind Value="True"/>
      </Debugging>
      <LinkSmart Value="True"/>
      <Options>
        <LinkerOptions Value="--verbose -static"/>
      </Options>
    </Linking>
    <Other>
      <Verbosity>
        <ShowHints Value="False"/>
        <ShowHintsForUnusedUnitsInMainSrc Value="True"/>
        <ShowHintsForSenderNotUsed Value="True"/>
      </Verbosity>
    </Other>
  </CompilerOptions>
  <Debugging>
    <BreakPoints Count="1">
      <Item1>
        <Kind Value="bpkSource"/>
        <WatchScope Value="wpsLocal"/>
        <WatchKind Value="wpkWrite"/>
        <Source Value="/usr/share/fpcsrc/3.0.4/packages/paszlib/src/infcodes.pas"/>
        <Line Value="77"/>
      </Item1>
    </BreakPoints>
    <Watches Count="10">
      <Item1>
        <Expression Value="_gethyper"/>
      </Item1>
      <Item2>
        <Expression Value="s"/>
      </Item2>
      <Item3>
        <Expression Value="t"/>
      </Item3>
      <Item4>
        <Expression Value="getutf16"/>
      </Item4>
      <Item5>
        <Expression Value="w"/>
      </Item5>
      <Item6>
        <Expression Value="gethyper"/>
      </Item6>
      <Item7>
        <Expression Value="cutreal"/>
      </Item7>
      <Item8>
        <Expression Value="news"/>
      </Item8>
      <Item9>
        <Expression Value="a"/>
      </Item9>
      <Item10>
        <Expression Value="_parse"/>
      </Item10>
    </Watches>
    <Exceptions Count="2">
      <Item1>
        <Name Value="ECodetoolError"/>
      </Item1>
      <Item2>
        <Name Value="EFOpenError"/>
      </Item2>
    </Exceptions>
  </Debugging>
</CONFIG>
